
Microsoft Visual Studio Solution File, Format Version 12.00
# Visual Studio Version 17
VisualStudioVersion = 17.9.34607.119
MinimumVisualStudioVersion = 10.0.40219.1
Project("{FAE04EC0-301F-11D3-BF4B-00C04F79EFBC}") = "classes with inheritance", "classes with inheritance\classes with inheritance.csproj", "{C04AAB8C-B6AB-45BE-89FE-CF152AB35E18}"
EndProject
Global
	GlobalSection(SolutionConfigurationPlatforms) = preSolution
		Debug|Any CPU = Debug|Any CPU
		Release|Any CPU = Release|Any CPU
	EndGlobalSection
	GlobalSection(ProjectConfigurationPlatforms) = postSolution
		{C04AAB8C-B6AB-45BE-89FE-CF152AB35E18}.Debug|Any CPU.ActiveCfg = Debug|Any CPU
		{C04AAB8C-B6AB-45BE-89FE-CF152AB35E18}.Debug|Any CPU.Build.0 = Debug|Any CPU
		{C04AAB8C-B6AB-45BE-89FE-CF152AB35E18}.Release|Any CPU.ActiveCfg = Release|Any CPU
		{C04AAB8C-B6AB-45BE-89FE-CF152AB35E18}.Release|Any CPU.Build.0 = Release|Any CPU
	EndGlobalSection
	GlobalSection(SolutionProperties) = preSolution
		HideSolutionNode = FALSE
	EndGlobalSection
	GlobalSection(ExtensibilityGlobals) = postSolution
		SolutionGuid = {EBA6D15A-53E1-4EE8-84FF-C0C432F86E85}
	EndGlobalSection
EndGlobal
